
Microsoft Visual Studio Solution File, Format Version 12.00
# Visual Studio Version 17
VisualStudioVersion = 17.3.32611.2
MinimumVisualStudioVersion = 10.0.40219.1
Project("{FAE04EC0-301F-11D3-BF4B-00C04F79EFBC}") = "IdentitySample", "IdentitySample\IdentitySample.csproj", "{705582C0-438A-49AF-94E9-79C3DBF6FEA6}"
EndProject
Project("{2150E333-8FDC-42A3-9474-1A3956D46DE8}") = "Solution Items", "Solution Items", "{63F866C0-3979-4F4D-87B7-A65EFBA04E5B}"
	ProjectSection(SolutionItems) = preProject
		deploy.ps1 = deploy.ps1
		.github\workflows\docker-publish.yml = .github\workflows\docker-publish.yml
		Dockerfile = Dockerfile
		README.md = README.md
	EndProjectSection
EndProject
Global
	GlobalSection(SolutionConfigurationPlatforms) = preSolution
		Debug|Any CPU = Debug|Any CPU
		Release|Any CPU = Release|Any CPU
	EndGlobalSection
	GlobalSection(ProjectConfigurationPlatforms) = postSolution
		{705582C0-438A-49AF-94E9-79C3DBF6FEA6}.Debug|Any CPU.ActiveCfg = Debug|Any CPU
		{705582C0-438A-49AF-94E9-79C3DBF6FEA6}.Debug|Any CPU.Build.0 = Debug|Any CPU
		{705582C0-438A-49AF-94E9-79C3DBF6FEA6}.Release|Any CPU.ActiveCfg = Release|Any CPU
		{705582C0-438A-49AF-94E9-79C3DBF6FEA6}.Release|Any CPU.Build.0 = Release|Any CPU
	EndGlobalSection
	GlobalSection(SolutionProperties) = preSolution
		HideSolutionNode = FALSE
	EndGlobalSection
	GlobalSection(ExtensibilityGlobals) = postSolution
		SolutionGuid = {2C94BDE4-64F2-4B9D-82D1-A129CCBB2BBA}
	EndGlobalSection
EndGlobal
